
Microsoft Visual Studio Solution File, Format Version 12.00
# Visual Studio Version 16
VisualStudioVersion = 16.0.30225.117
MinimumVisualStudioVersion = 10.0.40219.1
Project("{9A19103F-16F7-4668-BE54-9A1E7A4F7556}") = "TestInformationAggregator", "TestDataAggregator\TestInformationAggregator.csproj", "{F6E4BC9A-444A-485C-942E-1A6107016C50}"
EndProject
Project("{FAE04EC0-301F-11D3-BF4B-00C04F79EFBC}") = "TestInformationAggregator.Tests", "TestInformationAggregator.Tests\TestInformationAggregator.Tests.csproj", "{74B3245F-F756-4136-858D-E0A0E936B626}"
EndProject
Global
	GlobalSection(SolutionConfigurationPlatforms) = preSolution
		Debug|Any CPU = Debug|Any CPU
		Release|Any CPU = Release|Any CPU
	EndGlobalSection
	GlobalSection(ProjectConfigurationPlatforms) = postSolution
		{F6E4BC9A-444A-485C-942E-1A6107016C50}.Debug|Any CPU.ActiveCfg = Debug|Any CPU
		{F6E4BC9A-444A-485C-942E-1A6107016C50}.Debug|Any CPU.Build.0 = Debug|Any CPU
		{F6E4BC9A-444A-485C-942E-1A6107016C50}.Release|Any CPU.ActiveCfg = Release|Any CPU
		{F6E4BC9A-444A-485C-942E-1A6107016C50}.Release|Any CPU.Build.0 = Release|Any CPU
		{74B3245F-F756-4136-858D-E0A0E936B626}.Debug|Any CPU.ActiveCfg = Debug|Any CPU
		{74B3245F-F756-4136-858D-E0A0E936B626}.Debug|Any CPU.Build.0 = Debug|Any CPU
		{74B3245F-F756-4136-858D-E0A0E936B626}.Release|Any CPU.ActiveCfg = Release|Any CPU
		{74B3245F-F756-4136-858D-E0A0E936B626}.Release|Any CPU.Build.0 = Release|Any CPU
	EndGlobalSection
	GlobalSection(SolutionProperties) = preSolution
		HideSolutionNode = FALSE
	EndGlobalSection
	GlobalSection(ExtensibilityGlobals) = postSolution
		SolutionGuid = {3135D91F-D4A3-44D3-B963-49C066312DD4}
	EndGlobalSection
EndGlobal
